Microsoft Visual Studio Solution File, Format Version 11.00
# Visual Studio 2008

Project("{9F449448-75FA-0544-38C6-B49C4923E786}") = "Episode 10", "Assembly-CSharp.csproj", "{506D43AD-65BD-27B1-10B9-BD66B0D8B250}"
EndProject
Global
	GlobalSection(SolutionConfigurationPlatforms) = preSolution
		Debug|Any CPU = Debug|Any CPU
		Release|Any CPU = Release|Any CPU
	EndGlobalSection
	GlobalSection(ProjectConfigurationPlatforms) = postSolution
		{506D43AD-65BD-27B1-10B9-BD66B0D8B250}.Debug|Any CPU.ActiveCfg = Debug|Any CPU
		{506D43AD-65BD-27B1-10B9-BD66B0D8B250}.Debug|Any CPU.Build.0 = Debug|Any CPU
		{506D43AD-65BD-27B1-10B9-BD66B0D8B250}.Release|Any CPU.ActiveCfg = Release|Any CPU
		{506D43AD-65BD-27B1-10B9-BD66B0D8B250}.Release|Any CPU.Build.0 = Release|Any CPU
	EndGlobalSection
	GlobalSection(SolutionProperties) = preSolution
		HideSolutionNode = FALSE
	EndGlobalSection
	GlobalSection(MonoDevelopProperties) = preSolution
		StartupItem = Assembly-CSharp.csproj
	EndGlobalSection
EndGlobal
